
Microsoft Visual Studio Solution File, Format Version 12.00
# Visual Studio Version 17
VisualStudioVersion = 17.0.31903.59
MinimumVisualStudioVersion = 10.0.40219.1
Project("{FAE04EC0-301F-11D3-BF4B-00C04F79EFBC}") = "Courier", "Courier\Courier.csproj", "{AE350BF7-CFE8-410D-A77B-D32E8DC9285B}"
EndProject
Project("{FAE04EC0-301F-11D3-BF4B-00C04F79EFBC}") = "Courier.Tests", "Courier.Tests\Courier.Tests.csproj", "{6B7456B6-3CA3-4F44-A443-382996DD47AA}"
EndProject
Global
	GlobalSection(SolutionConfigurationPlatforms) = preSolution
		Debug|Any CPU = Debug|Any CPU
		Release|Any CPU = Release|Any CPU
	EndGlobalSection
	GlobalSection(SolutionProperties) = preSolution
		HideSolutionNode = FALSE
	EndGlobalSection
	GlobalSection(ProjectConfigurationPlatforms) = postSolution
		{AE350BF7-CFE8-410D-A77B-D32E8DC9285B}.Debug|Any CPU.ActiveCfg = Debug|Any CPU
		{AE350BF7-CFE8-410D-A77B-D32E8DC9285B}.Debug|Any CPU.Build.0 = Debug|Any CPU
		{AE350BF7-CFE8-410D-A77B-D32E8DC9285B}.Release|Any CPU.ActiveCfg = Release|Any CPU
		{AE350BF7-CFE8-410D-A77B-D32E8DC9285B}.Release|Any CPU.Build.0 = Release|Any CPU
		{6B7456B6-3CA3-4F44-A443-382996DD47AA}.Debug|Any CPU.ActiveCfg = Debug|Any CPU
		{6B7456B6-3CA3-4F44-A443-382996DD47AA}.Debug|Any CPU.Build.0 = Debug|Any CPU
		{6B7456B6-3CA3-4F44-A443-382996DD47AA}.Release|Any CPU.ActiveCfg = Release|Any CPU
		{6B7456B6-3CA3-4F44-A443-382996DD47AA}.Release|Any CPU.Build.0 = Release|Any CPU
	EndGlobalSection
EndGlobal
